
Microsoft Visual Studio Solution File, Format Version 12.00
# Visual Studio Version 17
VisualStudioVersion = 17.7.34018.315
MinimumVisualStudioVersion = 10.0.40219.1
Project("{9A19103F-16F7-4668-BE54-9A1E7A4F7556}") = "GundamAPI", "GundamAPI\GundamAPI.csproj", "{06DE9246-CA14-4258-8558-1B2C0ACDB146}"
EndProject
Project("{FAE04EC0-301F-11D3-BF4B-00C04F79EFBC}") = "GundamAPI.Tests", "GundamAPI.Tests\GundamAPI.Tests.csproj", "{93E2FC17-1FD6-43D1-A33F-0D58E26CCD68}"
EndProject
Global
	GlobalSection(SolutionConfigurationPlatforms) = preSolution
		Debug|Any CPU = Debug|Any CPU
		Release|Any CPU = Release|Any CPU
	EndGlobalSection
	GlobalSection(ProjectConfigurationPlatforms) = postSolution
		{06DE9246-CA14-4258-8558-1B2C0ACDB146}.Debug|Any CPU.ActiveCfg = Debug|Any CPU
		{06DE9246-CA14-4258-8558-1B2C0ACDB146}.Debug|Any CPU.Build.0 = Debug|Any CPU
		{06DE9246-CA14-4258-8558-1B2C0ACDB146}.Release|Any CPU.ActiveCfg = Release|Any CPU
		{06DE9246-CA14-4258-8558-1B2C0ACDB146}.Release|Any CPU.Build.0 = Release|Any CPU
		{93E2FC17-1FD6-43D1-A33F-0D58E26CCD68}.Debug|Any CPU.ActiveCfg = Debug|Any CPU
		{93E2FC17-1FD6-43D1-A33F-0D58E26CCD68}.Debug|Any CPU.Build.0 = Debug|Any CPU
		{93E2FC17-1FD6-43D1-A33F-0D58E26CCD68}.Release|Any CPU.ActiveCfg = Release|Any CPU
		{93E2FC17-1FD6-43D1-A33F-0D58E26CCD68}.Release|Any CPU.Build.0 = Release|Any CPU
	EndGlobalSection
	GlobalSection(SolutionProperties) = preSolution
		HideSolutionNode = FALSE
	EndGlobalSection
	GlobalSection(ExtensibilityGlobals) = postSolution
		SolutionGuid = {4F5CADFD-91E6-48F4-B02E-74E85345129D}
	EndGlobalSection
EndGlobal
